
Microsoft Visual Studio Solution File, Format Version 12.00
# Visual Studio Version 17
VisualStudioVersion = 17.0.31903.59
MinimumVisualStudioVersion = 10.0.40219.1
Project("{9A19103F-16F7-4668-BE54-9A1E7A4F7556}") = "Vrsndl.Authorization.Client", "Vrsndl.Authorization.Client\Vrsndl.Authorization.Client.csproj", "{9774FA75-85E9-4565-9811-FE02ED42B493}"
EndProject
Project("{9A19103F-16F7-4668-BE54-9A1E7A4F7556}") = "Vrsndl.Authorization.Service", "Vrsndl.Authorization.Service\Vrsndl.Authorization.Service.csproj", "{8E2AF63C-FC43-4E2B-9626-C2CA8732747E}"
EndProject
Global
	GlobalSection(SolutionConfigurationPlatforms) = preSolution
		Debug|Any CPU = Debug|Any CPU
		Release|Any CPU = Release|Any CPU
	EndGlobalSection
	GlobalSection(ProjectConfigurationPlatforms) = postSolution
		{9774FA75-85E9-4565-9811-FE02ED42B493}.Debug|Any CPU.ActiveCfg = Debug|Any CPU
		{9774FA75-85E9-4565-9811-FE02ED42B493}.Debug|Any CPU.Build.0 = Debug|Any CPU
		{9774FA75-85E9-4565-9811-FE02ED42B493}.Release|Any CPU.ActiveCfg = Release|Any CPU
		{9774FA75-85E9-4565-9811-FE02ED42B493}.Release|Any CPU.Build.0 = Release|Any CPU
		{8E2AF63C-FC43-4E2B-9626-C2CA8732747E}.Debug|Any CPU.ActiveCfg = Debug|Any CPU
		{8E2AF63C-FC43-4E2B-9626-C2CA8732747E}.Debug|Any CPU.Build.0 = Debug|Any CPU
		{8E2AF63C-FC43-4E2B-9626-C2CA8732747E}.Release|Any CPU.ActiveCfg = Release|Any CPU
		{8E2AF63C-FC43-4E2B-9626-C2CA8732747E}.Release|Any CPU.Build.0 = Release|Any CPU
	EndGlobalSection
	GlobalSection(SolutionProperties) = preSolution
		HideSolutionNode = FALSE
	EndGlobalSection
	GlobalSection(ExtensibilityGlobals) = postSolution
		SolutionGuid = {EDF45CF1-797F-4BD8-8AAA-FD6B0764A38E}
	EndGlobalSection
EndGlobal
